
Microsoft Visual Studio Solution File, Format Version 12.00
# Visual Studio Version 17
VisualStudioVersion = 17.9.34607.119
MinimumVisualStudioVersion = 10.0.40219.1
Project("{FAE04EC0-301F-11D3-BF4B-00C04F79EFBC}") = "SmokeShop.Console", "SmokeShop.Console.csproj", "{1FD15E24-0505-4CDF-8DBB-FAD6B7177F40}"
EndProject
Global
	GlobalSection(SolutionConfigurationPlatforms) = preSolution
		Debug|Any CPU = Debug|Any CPU
		Release|Any CPU = Release|Any CPU
	EndGlobalSection
	GlobalSection(ProjectConfigurationPlatforms) = postSolution
		{1FD15E24-0505-4CDF-8DBB-FAD6B7177F40}.Debug|Any CPU.ActiveCfg = Debug|Any CPU
		{1FD15E24-0505-4CDF-8DBB-FAD6B7177F40}.Debug|Any CPU.Build.0 = Debug|Any CPU
		{1FD15E24-0505-4CDF-8DBB-FAD6B7177F40}.Release|Any CPU.ActiveCfg = Release|Any CPU
		{1FD15E24-0505-4CDF-8DBB-FAD6B7177F40}.Release|Any CPU.Build.0 = Release|Any CPU
	EndGlobalSection
	GlobalSection(SolutionProperties) = preSolution
		HideSolutionNode = FALSE
	EndGlobalSection
	GlobalSection(ExtensibilityGlobals) = postSolution
		SolutionGuid = {64F7D960-3487-432A-BD5C-32E5A07CFD13}
	EndGlobalSection
EndGlobal
